
Microsoft Visual Studio Solution File, Format Version 12.00
# Visual Studio Version 16
VisualStudioVersion = 16.0.29609.76
MinimumVisualStudioVersion = 10.0.40219.1
Project("{FAE04EC0-301F-11D3-BF4B-00C04F79EFBC}") = "ChessRules", "ChessRules\ChessRules.csproj", "{F43B7259-03E8-4BF5-8403-C7635EE13BC9}"
EndProject
Project("{FAE04EC0-301F-11D3-BF4B-00C04F79EFBC}") = "ChessDemo", "ChessDemo\ChessDemo.csproj", "{9C1BA7F4-E8FE-44BE-8162-56C37CC7ACE0}"
EndProject
Global
	GlobalSection(SolutionConfigurationPlatforms) = preSolution
		Debug|Any CPU = Debug|Any CPU
		Release|Any CPU = Release|Any CPU
	EndGlobalSection
	GlobalSection(ProjectConfigurationPlatforms) = postSolution
		{F43B7259-03E8-4BF5-8403-C7635EE13BC9}.Debug|Any CPU.ActiveCfg = Debug|Any CPU
		{F43B7259-03E8-4BF5-8403-C7635EE13BC9}.Debug|Any CPU.Build.0 = Debug|Any CPU
		{F43B7259-03E8-4BF5-8403-C7635EE13BC9}.Release|Any CPU.ActiveCfg = Release|Any CPU
		{F43B7259-03E8-4BF5-8403-C7635EE13BC9}.Release|Any CPU.Build.0 = Release|Any CPU
		{9C1BA7F4-E8FE-44BE-8162-56C37CC7ACE0}.Debug|Any CPU.ActiveCfg = Debug|Any CPU
		{9C1BA7F4-E8FE-44BE-8162-56C37CC7ACE0}.Debug|Any CPU.Build.0 = Debug|Any CPU
		{9C1BA7F4-E8FE-44BE-8162-56C37CC7ACE0}.Release|Any CPU.ActiveCfg = Release|Any CPU
		{9C1BA7F4-E8FE-44BE-8162-56C37CC7ACE0}.Release|Any CPU.Build.0 = Release|Any CPU
	EndGlobalSection
	GlobalSection(SolutionProperties) = preSolution
		HideSolutionNode = FALSE
	EndGlobalSection
	GlobalSection(ExtensibilityGlobals) = postSolution
		SolutionGuid = {7DCF4253-AEAF-4978-B488-BA90A2F4A3C6}
	EndGlobalSection
EndGlobal
